version = 1
revision = 3
requires-python = ">=3.15"

[[package]]
name = "numpy"
version = "2.5.0.dev0"
source = { git = "https://github.com/numpy/numpy.git?rev=main#0abf67d1785abfb4a2ad72fcbe7e00ab09f469b8" }

[[package]]
name = "wherehorse"
version = "0.1.0"
source = { virtual = "." }
dependencies = [
    { name = "numpy" },
]

[package.metadata]
requires-dist = [{ name = "numpy", git = "https://github.com/numpy/numpy.git?rev=main" }]
